<?xml version="1.0" encoding="utf-8"?>
<Project ToolsVersion="4.0" xmlns="http://schemas.microsoft.com/developer/msbuild/2003">
  <ItemGroup>
    <Filter Include="Source Files">
      <UniqueIdentifier>{4FC737F1-C7A5-4376-A066-2A32D752A2FF}</UniqueIdentifier>
      <Extensions>cpp;c;cc;cxx;def;odl;idl;hpj;bat;asm;asmx</Extensions>
    </Filter>
    <Filter Include="Header Files">
      <UniqueIdentifier>{93995380-89BD-4b04-88EB-625FBE52EBFB}</UniqueIdentifier>
      <Extensions>h;hh;hpp;hxx;hm;inl;inc;ipp;xsd</Extensions>
    </Filter>
    <Filter Include="Resource Files">
      <UniqueIdentifier>{67DA6AB6-F800-4c08-8B7A-83BB121AAD01}</UniqueIdentifier>
      <Extensions>rc;ico;cur;bmp;dlg;rc2;rct;bin;rgs;gif;jpg;jpeg;jpe;resx;tiff;tif;png;wav;mfcribbon-ms</Extensions>
    </Filter>
    <Filter Include="Header Files\Exports">
      <UniqueIdentifier>{2949a235-804f-4e82-8543-47dab89973b2}</UniqueIdentifier>
    </Filter>
    <Filter Include="Source Files\Exports">
      <UniqueIdentifier>{37ff615c-f7e7-42b0-946f-f03f0920a5fb}</UniqueIdentifier>
    </Filter>
    <Filter Include="Header Files\Memory">
      <UniqueIdentifier>{1305231e-e63b-4575-a51a-3958e3e55d2d}</UniqueIdentifier>
    </Filter>
    <Filter Include="Source Files\Memory">
      <UniqueIdentifier>{0a8e00df-b15a-4508-a681-0361d1965779}</UniqueIdentifier>
    </Filter>
    <Filter Include="Header Files\Utils">
      <UniqueIdentifier>{cce78855-8c2b-4b9c-a2cf-3a98dd8d2fa7}</UniqueIdentifier>
    </Filter>
    <Filter Include="Source Files\Utils">
      <UniqueIdentifier>{936964ca-ef15-4d43-9acf-1c773d8c3c30}</UniqueIdentifier>
    </Filter>
    <Filter Include="Source Files\PortableExecutable">
      <UniqueIdentifier>{70d5e972-a7a6-445d-97d3-aaa0a6c0c930}</UniqueIdentifier>
    </Filter>
    <Filter Include="Header Files\PortableExecutable">
      <UniqueIdentifier>{38e4316a-cb29-4ee2-a466-92879d539125}</UniqueIdentifier>
    </Filter>
    <Filter Include="Header Files\Memory\Sources">
      <UniqueIdentifier>{641155f1-f4d3-47e4-9c54-f60225bc01a9}</UniqueIdentifier>
    </Filter>
    <Filter Include="Source Files\Memory\Sources">
      <UniqueIdentifier>{0260222e-2d65-404b-bccd-b4d379d356b3}</UniqueIdentifier>
    </Filter>
  </ItemGroup>
  <ItemGroup>
    <ClInclude Include="ProcessUtils.hpp">
      <Filter>Header Files\Exports</Filter>
    </ClInclude>
    <ClInclude Include="DriverUtils.hpp">
      <Filter>Header Files\Exports</Filter>
    </ClInclude>
    <ClInclude Include="DumpUtils.hpp">
      <Filter>Header Files\Exports</Filter>
    </ClInclude>
    <ClInclude Include="Logger.hpp">
      <Filter>Header Files\Utils</Filter>
    </ClInclude>
    <ClInclude Include="IMemorySource.hpp">
      <Filter>Header Files\Memory</Filter>
    </ClInclude>
    <ClInclude Include="Dump.hpp">
      <Filter>Header Files</Filter>
    </ClInclude>
    <ClInclude Include="PEFile.hpp">
      <Filter>Header Files\PortableExecutable</Filter>
    </ClInclude>
    <ClInclude Include="ProcessMemory.hpp">
      <Filter>Header Files\Memory</Filter>
    </ClInclude>
    <ClInclude Include="PESection.hpp">
      <Filter>Header Files\PortableExecutable</Filter>
    </ClInclude>
    <ClInclude Include="KernelMemory.hpp">
      <Filter>Header Files\Memory\Sources</Filter>
    </ClInclude>
    <ClInclude Include="UsermodeMemory.hpp">
      <Filter>Header Files\Memory\Sources</Filter>
    </ClInclude>
    <ClInclude Include="FileWriter.hpp">
      <Filter>Header Files\Utils</Filter>
    </ClInclude>
  </ItemGroup>
  <ItemGroup>
    <ClCompile Include="DllMain.cpp">
      <Filter>Source Files</Filter>
    </ClCompile>
    <ClCompile Include="ProcessUtils.cpp">
      <Filter>Source Files\Exports</Filter>
    </ClCompile>
    <ClCompile Include="DriverUtils.cpp">
      <Filter>Source Files\Exports</Filter>
    </ClCompile>
    <ClCompile Include="DumpUtils.cpp">
      <Filter>Source Files\Exports</Filter>
    </ClCompile>
    <ClCompile Include="Dump.cpp">
      <Filter>Source Files</Filter>
    </ClCompile>
    <ClCompile Include="PEFile.cpp">
      <Filter>Source Files\PortableExecutable</Filter>
    </ClCompile>
    <ClCompile Include="IMemorySource.cpp">
      <Filter>Source Files\Memory</Filter>
    </ClCompile>
    <ClCompile Include="Logger.cpp">
      <Filter>Source Files\Utils</Filter>
    </ClCompile>
    <ClCompile Include="ProcessMemory.cpp">
      <Filter>Source Files\Memory</Filter>
    </ClCompile>
    <ClCompile Include="PESection.cpp">
      <Filter>Source Files\PortableExecutable</Filter>
    </ClCompile>
    <ClCompile Include="FileWriter.cpp">
      <Filter>Source Files\Utils</Filter>
    </ClCompile>
    <ClCompile Include="UsermodeMemory.cpp">
      <Filter>Source Files\Memory\Sources</Filter>
    </ClCompile>
    <ClCompile Include="KernelMemory.cpp">
      <Filter>Source Files\Memory\Sources</Filter>
    </ClCompile>
    <ClCompile Include="Main.cpp">
      <Filter>Source Files</Filter>
    </ClCompile>
  </ItemGroup>
  <ItemGroup>
    <None Include="cpp.hint" />
    <None Include="exports.def" />
  </ItemGroup>
</Project>